// !$*UTF8*$!
{
	archiveVersion = 1;
	classes = {
	};
	objectVersion = 50;
	objects = {

/* Begin PBXBuildFile section */
		BD607F9E2337E47B00C5BD9F /* AppDelegate.swift in Sources */ = {isa = PBXBuildFile; fileRef = BD607F9D2337E47B00C5BD9F /* AppDelegate.swift */; };
		BD607FA02337E47B00C5BD9F /* SceneDelegate.swift in Sources */ = {isa = PBXBuildFile; fileRef = BD607F9F2337E47B00C5BD9F /* SceneDelegate.swift */; };
		BD607FA22337E47B00C5BD9F /* ContentView.swift in Sources */ = {isa = PBXBuildFile; fileRef = BD607FA12337E47B00C5BD9F /* ContentView.swift */; };
		BD607FA42337E47C00C5BD9F /* Assets.xcassets in Resources */ = {isa = PBXBuildFile; fileRef = BD607FA32337E47C00C5BD9F /* Assets.xcassets */; };
		BD607FA72337E47C00C5BD9F /* Preview Assets.xcassets in Resources */ = {isa = PBXBuildFile; fileRef = BD607FA62337E47C00C5BD9F /* Preview Assets.xcassets */; };
		BD607FAA2337E47C00C5BD9F /* LaunchScreen.storyboard in Resources */ = {isa = PBXBuildFile; fileRef = BD607FA82337E47C00C5BD9F /* LaunchScreen.storyboard */; };
/* End PBXBuildFile section */

/* Begin PBXFileReference section */
		BD607F9A2337E47B00C5BD9F /* DeepL.app */ = {isa = PBXFileReference; explicitFileType = wrapper.application; includeInIndex = 0; path = DeepL.app; sourceTree = BUILT_PRODUCTS_DIR; };
		BD607F9D2337E47B00C5BD9F /* AppDelegate.swift */ = {isa = PBXFileReference; lastKnownFileType = sourcecode.swift; path = AppDelegate.swift; sourceTree = "<group>"; };
		BD607F9F2337E47B00C5BD9F /* SceneDelegate.swift */ = {isa = PBXFileReference; lastKnownFileType = sourcecode.swift; path = SceneDelegate.swift; sourceTree = "<group>"; };
		BD607FA12337E47B00C5BD9F /* ContentView.swift */ = {isa = PBXFileReference; lastKnownFileType = sourcecode.swift; path = ContentView.swift; sourceTree = "<group>"; };
		BD607FA32337E47C00C5BD9F /* Assets.xcassets */ = {isa = PBXFileReference; lastKnownFileType = folder.assetcatalog; path = Assets.xcassets; sourceTree = "<group>"; };
		BD607FA62337E47C00C5BD9F /* Preview Assets.xcassets */ = {isa = PBXFileReference; lastKnownFileType = folder.assetcatalog; path = "Preview Assets.xcassets"; sourceTree = "<group>"; };
		BD607FA92337E47C00C5BD9F /* Base */ = {isa = PBXFileReference; lastKnownFileType = file.storyboard; name = Base; path = Base.lproj/LaunchScreen.storyboard; sourceTree = "<group>"; };
		BD607FAB2337E47C00C5BD9F /* Info.plist */ = {isa = PBXFileReference; lastKnownFileType = text.plist.xml; path = Info.plist; sourceTree = "<group>"; };
/* End PBXFileReference section */

/* Begin PBXFrameworksBuildPhase section */
		BD607F972337E47B00C5BD9F /* Frameworks */ = {
			isa = PBXFrameworksBuildPhase;
			buildActionMask = 2147483647;
			files = (
			);
			runOnlyForDeploymentPostprocessing = 0;
		};
/* End PBXFrameworksBuildPhase section */

/* Begin PBXGroup section */
		BD607F912337E47B00C5BD9F = {
			isa = PBXGroup;
			children = (
				BD607F9C2337E47B00C5BD9F /* DeepL */,
				BD607F9B2337E47B00C5BD9F /* Products */,
			);
			sourceTree = "<group>";
		};
		BD607F9B2337E47B00C5BD9F /* Products */ = {
			isa = PBXGroup;
			children = (
				BD607F9A2337E47B00C5BD9F /* DeepL.app */,
			);
			name = Products;
			sourceTree = "<group>";
		};
		BD607F9C2337E47B00C5BD9F /* DeepL */ = {
			isa = PBXGroup;
			children = (
				BD607F9D2337E47B00C5BD9F /* AppDelegate.swift */,
				BD607F9F2337E47B00C5BD9F /* SceneDelegate.swift */,
				BD607FA12337E47B00C5BD9F /* ContentView.swift */,
				BD607FA32337E47C00C5BD9F /* Assets.xcassets */,
				BD607FA82337E47C00C5BD9F /* LaunchScreen.storyboard */,
				BD607FAB2337E47C00C5BD9F /* Info.plist */,
				BD607FA52337E47C00C5BD9F /* Preview Content */,
			);
			path = DeepL;
			sourceTree = "<group>";
		};
		BD607FA52337E47C00C5BD9F /* Preview Content */ = {
			isa = PBXGroup;
			children = (
				BD607FA62337E47C00C5BD9F /* Preview Assets.xcassets */,
			);
			path = "Preview Content";
			sourceTree = "<group>";
		};
/* End PBXGroup section */

/* Begin PBXNativeTarget section */
		BD607F992337E47B00C5BD9F /* DeepL */ = {
			isa = PBXNativeTarget;
			buildConfigurationList = BD607FAE2337E47C00C5BD9F /* Build configuration list for PBXNativeTarget "DeepL" */;
			buildPhases = (
				BD607F962337E47B00C5BD9F /* Sources */,
				BD607F972337E47B00C5BD9F /* Frameworks */,
				BD607F982337E47B00C5BD9F /* Resources */,
			);
			buildRules = (
			);
			dependencies = (
			);
			name = DeepL;
			productName = DeepL;
			productReference = BD607F9A2337E47B00C5BD9F /* DeepL.app */;
			productType = "com.apple.product-type.application";
		};
/* End PBXNativeTarget section */

/* Begin PBXProject section */
		BD607F922337E47B00C5BD9F /* Project object */ = {
			isa = PBXProject;
			attributes = {
				LastSwiftUpdateCheck = 1100;
				LastUpgradeCheck = 1100;
				ORGANIZATIONNAME = "Leonid Semenov";
				TargetAttributes = {
					BD607F992337E47B00C5BD9F = {
						CreatedOnToolsVersion = 11.0;
					};
				};
			};
			buildConfigurationList = BD607F952337E47B00C5BD9F /* Build configuration list for PBXProject "DeepL" */;
			compatibilityVersion = "Xcode 9.3";
			developmentRegion = en;
			hasScannedForEncodings = 0;
			knownRegions = (
				en,
				Base,
			);
			mainGroup = BD607F912337E47B00C5BD9F;
			productRefGroup = BD607F9B2337E47B00C5BD9F /* Products */;
			projectDirPath = "";
			projectRoot = "";
			targets = (
				BD607F992337E47B00C5BD9F /* DeepL */,
			);
		};
/* End PBXProject section */

/* Begin PBXResourcesBuildPhase section */
		BD607F982337E47B00C5BD9F /* Resources */ = {
			isa = PBXResourcesBuildPhase;
			buildActionMask = 2147483647;
			files = (
				BD607FAA2337E47C00C5BD9F /* LaunchScreen.storyboard in Resources */,
				BD607FA72337E47C00C5BD9F /* Preview Assets.xcassets in Resources */,
				BD607FA42337E47C00C5BD9F /* Assets.xcassets in Resources */,
			);
			runOnlyForDeploymentPostprocessing = 0;
		};
/* End PBXResourcesBuildPhase section */

/* Begin PBXSourcesBuildPhase section */
		BD607F962337E47B00C5BD9F /* Sources */ = {
			isa = PBXSourcesBuildPhase;
			buildActionMask = 2147483647;
			files = (
				BD607F9E2337E47B00C5BD9F /* AppDelegate.swift in Sources */,
				BD607FA02337E47B00C5BD9F /* SceneDelegate.swift in Sources */,
				BD607FA22337E47B00C5BD9F /* ContentView.swift in Sources */,
			);
			runOnlyForDeploymentPostprocessing = 0;
		};
/* End PBXSourcesBuildPhase section */

/* Begin PBXVariantGroup section */
		BD607FA82337E47C00C5BD9F /* LaunchScreen.storyboard */ = {
			isa = PBXVariantGroup;
			children = (
				BD607FA92337E47C00C5BD9F /* Base */,
			);
			name = LaunchScreen.storyboard;
			sourceTree = "<group>";
		};
/* End PBXVariantGroup section */

/* Begin XCBuildConfiguration section */
		BD607FAC2337E47C00C5BD9F /* Debug */ = {
			isa = XCBuildConfiguration;
			buildSettings = {
				ALWAYS_SEARCH_USER_PATHS = NO;
				CLANG_ANALYZER_NONNULL = YES;
				CLANG_ANALYZER_NUMBER_OBJECT_CONVERSION = YES_AGGRESSIVE;
				CLANG_CXX_LANGUAGE_STANDARD = "gnu++14";
				CLANG_CXX_LIBRARY = "libc++";
				CLANG_ENABLE_MODULES = YES;
				CLANG_ENABLE_OBJC_ARC = YES;
				CLANG_ENABLE_OBJC_WEAK = YES;
				CLANG_WARN_BLOCK_CAPTURE_AUTORELEASING = YES;
				CLANG_WARN_BOOL_CONVERSION = YES;
				CLANG_WARN_COMMA = YES;
				CLANG_WARN_CONSTANT_CONVERSION = YES;
				CLANG_WARN_DEPRECATED_OBJC_IMPLEMENTATIONS = YES;
				CLANG_WARN_DIRECT_OBJC_ISA_USAGE = YES_ERROR;
				CLANG_WARN_DOCUMENTATION_COMMENTS = YES;
				CLANG_WARN_EMPTY_BODY = YES;
				CLANG_WARN_ENUM_CONVERSION = YES;
				CLANG_WARN_INFINITE_RECURSION = YES;
				CLANG_WARN_INT_CONVERSION = YES;
				CLANG_WARN_NON_LITERAL_NULL_CONVERSION = YES;
				CLANG_WARN_OBJC_IMPLICIT_RETAIN_SELF = YES;
				CLANG_WARN_OBJC_LITERAL_CONVERSION = YES;
				CLANG_WARN_OBJC_ROOT_CLASS = YES_ERROR;
				CLANG_WARN_RANGE_LOOP_ANALYSIS = YES;
				CLANG_WARN_STRICT_PROTOTYPES = YES;
				CLANG_WARN_SUSPICIOUS_MOVE = YES;
				CLANG_WARN_UNGUARDED_AVAILABILITY = YES_AGGRESSIVE;
				CLANG_WARN_UNREACHABLE_CODE = YES;
				CLANG_WARN__DUPLICATE_METHOD_MATCH = YES;
				COPY_PHASE_STRIP = NO;
				DEBUG_INFORMATION_FORMAT = dwarf;
				ENABLE_STRICT_OBJC_MSGSEND = YES;
				ENABLE_TESTABILITY = YES;
				GCC_C_LANGUAGE_STANDARD = gnu11;
				GCC_DYNAMIC_NO_PIC = NO;
				GCC_NO_COMMON_BLOCKS = YES;
				GCC_OPTIMIZATION_LEVEL = 0;
				GCC_PREPROCESSOR_DEFINITIONS = (
					"DEBUG=1",
					"$(inherited)",
				);
				GCC_WARN_64_TO_32_BIT_CONVERSION = YES;
				GCC_WARN_ABOUT_RETURN_TYPE = YES_ERROR;
				GCC_WARN_UNDECLARED_SELECTOR = YES;
				GCC_WARN_UNINITIALIZED_AUTOS = YES_AGGRESSIVE;
				GCC_WARN_UNUSED_FUNCTION = YES;
				GCC_WARN_UNUSED_VARIABLE = YES;
				IPHONEOS_DEPLOYMENT_TARGET = 13.0;
				MTL_ENABLE_DEBUG_INFO = INCLUDE_SOURCE;
				MTL_FAST_MATH = YES;
				ONLY_ACTIVE_ARCH = YES;
				SDKROOT = iphoneos;
				SWIFT_ACTIVE_COMPILATION_CONDITIONS = DEBUG;
				SWIFT_OPTIMIZATION_LEVEL = "-Onone";
			};
			name = Debug;
		};
		BD607FAD2337E47C00C5BD9F /* Release */ = {
			isa = XCBuildConfiguration;
			buildSettings = {
				ALWAYS_SEARCH_USER_PATHS = NO;
				CLANG_ANALYZER_NONNULL = YES;
				CLANG_ANALYZER_NUMBER_OBJECT_CONVERSION = YES_AGGRESSIVE;
				CLANG_CXX_LANGUAGE_STANDARD = "gnu++14";
				CLANG_CXX_LIBRARY = "libc++";
				CLANG_ENABLE_MODULES = YES;
				CLANG_ENABLE_OBJC_ARC = YES;
				CLANG_ENABLE_OBJC_WEAK = YES;
				CLANG_WARN_BLOCK_CAPTURE_AUTORELEASING = YES;
				CLANG_WARN_BOOL_CONVERSION = YES;
				CLANG_WARN_COMMA = YES;
				CLANG_WARN_CONSTANT_CONVERSION = YES;
				CLANG_WARN_DEPRECATED_OBJC_IMPLEMENTATIONS = YES;
				CLANG_WARN_DIRECT_OBJC_ISA_USAGE = YES_ERROR;
				CLANG_WARN_DOCUMENTATION_COMMENTS = YES;
				CLANG_WARN_EMPTY_BODY = YES;
				CLANG_WARN_ENUM_CONVERSION = YES;
				CLANG_WARN_INFINITE_RECURSION = YES;
				CLANG_WARN_INT_CONVERSION = YES;
				CLANG_WARN_NON_LITERAL_NULL_CONVERSION = YES;
				CLANG_WARN_OBJC_IMPLICIT_RETAIN_SELF = YES;
				CLANG_WARN_OBJC_LITERAL_CONVERSION = YES;
				CLANG_WARN_OBJC_ROOT_CLASS = YES_ERROR;
				CLANG_WARN_RANGE_LOOP_ANALYSIS = YES;
				CLANG_WARN_STRICT_PROTOTYPES = YES;
				CLANG_WARN_SUSPICIOUS_MOVE = YES;
				CLANG_WARN_UNGUARDED_AVAILABILITY = YES_AGGRESSIVE;
				CLANG_WARN_UNREACHABLE_CODE = YES;
				CLANG_WARN__DUPLICATE_METHOD_MATCH = YES;
				COPY_PHASE_STRIP = NO;
				DEBUG_INFORMATION_FORMAT = "dwarf-with-dsym";
				ENABLE_NS_ASSERTIONS = NO;
				ENABLE_STRICT_OBJC_MSGSEND = YES;
				GCC_C_LANGUAGE_STANDARD = gnu11;
				GCC_NO_COMMON_BLOCKS = YES;
				GCC_WARN_64_TO_32_BIT_CONVERSION = YES;
				GCC_WARN_ABOUT_RETURN_TYPE = YES_ERROR;
				GCC_WARN_UNDECLARED_SELECTOR = YES;
				GCC_WARN_UNINITIALIZED_AUTOS = YES_AGGRESSIVE;
				GCC_WARN_UNUSED_FUNCTION = YES;
				GCC_WARN_UNUSED_VARIABLE = YES;
				IPHONEOS_DEPLOYMENT_TARGET = 13.0;
				MTL_ENABLE_DEBUG_INFO = NO;
				MTL_FAST_MATH = YES;
				SDKROOT = iphoneos;
				SWIFT_COMPILATION_MODE = wholemodule;
				SWIFT_OPTIMIZATION_LEVEL = "-O";
				VALIDATE_PRODUCT = YES;
			};
			name = Release;
		};
		BD607FAF2337E47C00C5BD9F /* Debug */ = {
			isa = XCBuildConfiguration;
			buildSettings = {
				ASSETCATALOG_COMPILER_APPICON_NAME = AppIcon;
				CODE_SIGN_STYLE = Automatic;
				DEVELOPMENT_ASSET_PATHS = "\"DeepL/Preview Content\"";
				DEVELOPMENT_TEAM = 784BNG3UAY;
				ENABLE_PREVIEWS = YES;
				INFOPLIST_FILE = DeepL/Info.plist;
				LD_RUNPATH_SEARCH_PATHS = (
					"$(inherited)",
					"@executable_path/Frameworks",
				);
				PRODUCT_BUNDLE_IDENTIFIER = s3rious.DeepL;
				PRODUCT_NAME = "$(TARGET_NAME)";
				SWIFT_VERSION = 5.0;
				TARGETED_DEVICE_FAMILY = "1,2";
			};
			name = Debug;
		};
		BD607FB02337E47C00C5BD9F /* Release */ = {
			isa = XCBuildConfiguration;
			buildSettings = {
				ASSETCATALOG_COMPILER_APPICON_NAME = AppIcon;
				CODE_SIGN_STYLE = Automatic;
				DEVELOPMENT_ASSET_PATHS = "\"DeepL/Preview Content\"";
				DEVELOPMENT_TEAM = 784BNG3UAY;
				ENABLE_PREVIEWS = YES;
				INFOPLIST_FILE = DeepL/Info.plist;
				LD_RUNPATH_SEARCH_PATHS = (
					"$(inherited)",
					"@executable_path/Frameworks",
				);
				PRODUCT_BUNDLE_IDENTIFIER = s3rious.DeepL;
				PRODUCT_NAME = "$(TARGET_NAME)";
				SWIFT_VERSION = 5.0;
				TARGETED_DEVICE_FAMILY = "1,2";
			};
			name = Release;
		};
/* End XCBuildConfiguration section */

/* Begin XCConfigurationList section */
		BD607F952337E47B00C5BD9F /* Build configuration list for PBXProject "DeepL" */ = {
			isa = XCConfigurationList;
			buildConfigurations = (
				BD607FAC2337E47C00C5BD9F /* Debug */,
				BD607FAD2337E47C00C5BD9F /* Release */,
			);
			defaultConfigurationIsVisible = 0;
			defaultConfigurationName = Release;
		};
		BD607FAE2337E47C00C5BD9F /* Build configuration list for PBXNativeTarget "DeepL" */ = {
			isa = XCConfigurationList;
			buildConfigurations = (
				BD607FAF2337E47C00C5BD9F /* Debug */,
				BD607FB02337E47C00C5BD9F /* Release */,
			);
			defaultConfigurationIsVisible = 0;
			defaultConfigurationName = Release;
		};
/* End XCConfigurationList section */
	};
	rootObject = BD607F922337E47B00C5BD9F /* Project object */;
}
